// !$*UTF8*$!
{
	archiveVersion = 1;
	classes = {
	};
	objectVersion = 55;
	objects = {

/* Begin PBXBuildFile section */
		6C090BCB28C5DA1600913486 /* ReadLiveData.swift in Sources */ = {isa = PBXBuildFile; fileRef = 6C090BCA28C5DA1600913486 /* ReadLiveData.swift */; };
		F2DC17BC28C4D977008720E4 /* BluetoothManager.swift in Sources */ = {isa = PBXBuildFile; fileRef = F2DC17BB28C4D977008720E4 /* BluetoothManager.swift */; };
		F2DC17BE28C4DA3F008720E4 /* BluetoothConnect.swift in Sources */ = {isa = PBXBuildFile; fileRef = F2DC17BD28C4DA3F008720E4 /* BluetoothConnect.swift */; };
		F2DC17C028C4DEFA008720E4 /* ViewModel.swift in Sources */ = {isa = PBXBuildFile; fileRef = F2DC17BF28C4DEFA008720E4 /* ViewModel.swift */; };
		F2DC17C228C4E0BB008720E4 /* CBUUIDEnums.swift in Sources */ = {isa = PBXBuildFile; fileRef = F2DC17C128C4E0BB008720E4 /* CBUUIDEnums.swift */; };
		F2DC17C428C4E0F8008720E4 /* CharacteristicProtocol.swift in Sources */ = {isa = PBXBuildFile; fileRef = F2DC17C328C4E0F8008720E4 /* CharacteristicProtocol.swift */; };
		F2DC17C628C4E238008720E4 /* SettingsClass.swift in Sources */ = {isa = PBXBuildFile; fileRef = F2DC17C528C4E238008720E4 /* SettingsClass.swift */; };
		F2DC17C828C4E5B4008720E4 /* ReadData.swift in Sources */ = {isa = PBXBuildFile; fileRef = F2DC17C728C4E5B4008720E4 /* ReadData.swift */; };
		F2DC17CA28C4E645008720E4 /* ReadConverters.swift in Sources */ = {isa = PBXBuildFile; fileRef = F2DC17C928C4E645008720E4 /* ReadConverters.swift */; };
		F2DC17CC28C4EC43008720E4 /* WriteData.swift in Sources */ = {isa = PBXBuildFile; fileRef = F2DC17CB28C4EC43008720E4 /* WriteData.swift */; };
		F2DC17CE28C4EC8B008720E4 /* WriteConverters.swift in Sources */ = {isa = PBXBuildFile; fileRef = F2DC17CD28C4EC8B008720E4 /* WriteConverters.swift */; };
		F2E7FFA628C3788C00F6468B /* AppDelegate.swift in Sources */ = {isa = PBXBuildFile; fileRef = F2E7FFA528C3788C00F6468B /* AppDelegate.swift */; };
		F2E7FFAA28C3788C00F6468B /* ViewController.swift in Sources */ = {isa = PBXBuildFile; fileRef = F2E7FFA928C3788C00F6468B /* ViewController.swift */; };
		F2E7FFAD28C3788C00F6468B /* Main.storyboard in Resources */ = {isa = PBXBuildFile; fileRef = F2E7FFAB28C3788C00F6468B /* Main.storyboard */; };
		F2E7FFAF28C3789200F6468B /* Assets.xcassets in Resources */ = {isa = PBXBuildFile; fileRef = F2E7FFAE28C3789200F6468B /* Assets.xcassets */; };
		F2E7FFB228C3789200F6468B /* LaunchScreen.storyboard in Resources */ = {isa = PBXBuildFile; fileRef = F2E7FFB028C3789200F6468B /* LaunchScreen.storyboard */; };
/* End PBXBuildFile section */

/* Begin PBXFileReference section */
		6C090BCA28C5DA1600913486 /* ReadLiveData.swift */ = {isa = PBXFileReference; lastKnownFileType = sourcecode.swift; path = ReadLiveData.swift; sourceTree = "<group>"; };
		F2DC17BB28C4D977008720E4 /* BluetoothManager.swift */ = {isa = PBXFileReference; lastKnownFileType = sourcecode.swift; path = BluetoothManager.swift; sourceTree = "<group>"; };
		F2DC17BD28C4DA3F008720E4 /* BluetoothConnect.swift */ = {isa = PBXFileReference; lastKnownFileType = sourcecode.swift; path = BluetoothConnect.swift; sourceTree = "<group>"; };
		F2DC17BF28C4DEFA008720E4 /* ViewModel.swift */ = {isa = PBXFileReference; lastKnownFileType = sourcecode.swift; path = ViewModel.swift; sourceTree = "<group>"; };
		F2DC17C128C4E0BB008720E4 /* CBUUIDEnums.swift */ = {isa = PBXFileReference; lastKnownFileType = sourcecode.swift; path = CBUUIDEnums.swift; sourceTree = "<group>"; };
		F2DC17C328C4E0F8008720E4 /* CharacteristicProtocol.swift */ = {isa = PBXFileReference; lastKnownFileType = sourcecode.swift; path = CharacteristicProtocol.swift; sourceTree = "<group>"; };
		F2DC17C528C4E238008720E4 /* SettingsClass.swift */ = {isa = PBXFileReference; lastKnownFileType = sourcecode.swift; path = SettingsClass.swift; sourceTree = "<group>"; };
		F2DC17C728C4E5B4008720E4 /* ReadData.swift */ = {isa = PBXFileReference; lastKnownFileType = sourcecode.swift; path = ReadData.swift; sourceTree = "<group>"; };
		F2DC17C928C4E645008720E4 /* ReadConverters.swift */ = {isa = PBXFileReference; lastKnownFileType = sourcecode.swift; path = ReadConverters.swift; sourceTree = "<group>"; };
		F2DC17CB28C4EC43008720E4 /* WriteData.swift */ = {isa = PBXFileReference; lastKnownFileType = sourcecode.swift; path = WriteData.swift; sourceTree = "<group>"; };
		F2DC17CD28C4EC8B008720E4 /* WriteConverters.swift */ = {isa = PBXFileReference; lastKnownFileType = sourcecode.swift; path = WriteConverters.swift; sourceTree = "<group>"; };
		F2E7FFA228C3788C00F6468B /* eKologger.app */ = {isa = PBXFileReference; explicitFileType = wrapper.application; includeInIndex = 0; path = eKologger.app; sourceTree = BUILT_PRODUCTS_DIR; };
		F2E7FFA528C3788C00F6468B /* AppDelegate.swift */ = {isa = PBXFileReference; lastKnownFileType = sourcecode.swift; path = AppDelegate.swift; sourceTree = "<group>"; };
		F2E7FFA928C3788C00F6468B /* ViewController.swift */ = {isa = PBXFileReference; lastKnownFileType = sourcecode.swift; path = ViewController.swift; sourceTree = "<group>"; };
		F2E7FFAC28C3788C00F6468B /* Base */ = {isa = PBXFileReference; lastKnownFileType = file.storyboard; name = Base; path = Base.lproj/Main.storyboard; sourceTree = "<group>"; };
		F2E7FFAE28C3789200F6468B /* Assets.xcassets */ = {isa = PBXFileReference; lastKnownFileType = folder.assetcatalog; path = Assets.xcassets; sourceTree = "<group>"; };
		F2E7FFB128C3789200F6468B /* Base */ = {isa = PBXFileReference; lastKnownFileType = file.storyboard; name = Base; path = Base.lproj/LaunchScreen.storyboard; sourceTree = "<group>"; };
		F2E7FFB328C3789200F6468B /* Info.plist */ = {isa = PBXFileReference; lastKnownFileType = text.plist.xml; path = Info.plist; sourceTree = "<group>"; };
/* End PBXFileReference section */

/* Begin PBXFrameworksBuildPhase section */
		F2E7FF9F28C3788C00F6468B /* Frameworks */ = {
			isa = PBXFrameworksBuildPhase;
			buildActionMask = 2147483647;
			files = (
			);
			runOnlyForDeploymentPostprocessing = 0;
		};
/* End PBXFrameworksBuildPhase section */

/* Begin PBXGroup section */
		F2E7FF9928C3788C00F6468B = {
			isa = PBXGroup;
			children = (
				F2E7FFA428C3788C00F6468B /* eKologger */,
				F2E7FFA328C3788C00F6468B /* Products */,
			);
			sourceTree = "<group>";
		};
		F2E7FFA328C3788C00F6468B /* Products */ = {
			isa = PBXGroup;
			children = (
				F2E7FFA228C3788C00F6468B /* eKologger.app */,
			);
			name = Products;
			sourceTree = "<group>";
		};
		F2E7FFA428C3788C00F6468B /* eKologger */ = {
			isa = PBXGroup;
			children = (
				F2E7FFA528C3788C00F6468B /* AppDelegate.swift */,
				F2E7FFA928C3788C00F6468B /* ViewController.swift */,
				F2DC17BB28C4D977008720E4 /* BluetoothManager.swift */,
				F2DC17BD28C4DA3F008720E4 /* BluetoothConnect.swift */,
				F2DC17C128C4E0BB008720E4 /* CBUUIDEnums.swift */,
				F2DC17C328C4E0F8008720E4 /* CharacteristicProtocol.swift */,
				F2DC17C528C4E238008720E4 /* SettingsClass.swift */,
				F2DC17C728C4E5B4008720E4 /* ReadData.swift */,
				F2DC17CB28C4EC43008720E4 /* WriteData.swift */,
				F2DC17C928C4E645008720E4 /* ReadConverters.swift */,
				F2DC17CD28C4EC8B008720E4 /* WriteConverters.swift */,
				6C090BCA28C5DA1600913486 /* ReadLiveData.swift */,
				F2DC17BF28C4DEFA008720E4 /* ViewModel.swift */,
				F2E7FFAB28C3788C00F6468B /* Main.storyboard */,
				F2E7FFAE28C3789200F6468B /* Assets.xcassets */,
				F2E7FFB028C3789200F6468B /* LaunchScreen.storyboard */,
				F2E7FFB328C3789200F6468B /* Info.plist */,
			);
			path = eKologger;
			sourceTree = "<group>";
		};
/* End PBXGroup section */

/* Begin PBXNativeTarget section */
		F2E7FFA128C3788C00F6468B /* eKologger */ = {
			isa = PBXNativeTarget;
			buildConfigurationList = F2E7FFB628C3789200F6468B /* Build configuration list for PBXNativeTarget "eKologger" */;
			buildPhases = (
				F2E7FF9E28C3788C00F6468B /* Sources */,
				F2E7FF9F28C3788C00F6468B /* Frameworks */,
				F2E7FFA028C3788C00F6468B /* Resources */,
			);
			buildRules = (
			);
			dependencies = (
			);
			name = eKologger;
			productName = eKolloger;
			productReference = F2E7FFA228C3788C00F6468B /* eKologger.app */;
			productType = "com.apple.product-type.application";
		};
/* End PBXNativeTarget section */

/* Begin PBXProject section */
		F2E7FF9A28C3788C00F6468B /* Project object */ = {
			isa = PBXProject;
			attributes = {
				BuildIndependentTargetsInParallel = 1;
				LastSwiftUpdateCheck = 1340;
				LastUpgradeCheck = 1340;
				TargetAttributes = {
					F2E7FFA128C3788C00F6468B = {
						CreatedOnToolsVersion = 13.4.1;
					};
				};
			};
			buildConfigurationList = F2E7FF9D28C3788C00F6468B /* Build configuration list for PBXProject "eKologger" */;
			compatibilityVersion = "Xcode 13.0";
			developmentRegion = en;
			hasScannedForEncodings = 0;
			knownRegions = (
				en,
				Base,
			);
			mainGroup = F2E7FF9928C3788C00F6468B;
			productRefGroup = F2E7FFA328C3788C00F6468B /* Products */;
			projectDirPath = "";
			projectRoot = "";
			targets = (
				F2E7FFA128C3788C00F6468B /* eKologger */,
			);
		};
/* End PBXProject section */

/* Begin PBXResourcesBuildPhase section */
		F2E7FFA028C3788C00F6468B /* Resources */ = {
			isa = PBXResourcesBuildPhase;
			buildActionMask = 2147483647;
			files = (
				F2E7FFB228C3789200F6468B /* LaunchScreen.storyboard in Resources */,
				F2E7FFAF28C3789200F6468B /* Assets.xcassets in Resources */,
				F2E7FFAD28C3788C00F6468B /* Main.storyboard in Resources */,
			);
			runOnlyForDeploymentPostprocessing = 0;
		};
/* End PBXResourcesBuildPhase section */

/* Begin PBXSourcesBuildPhase section */
		F2E7FF9E28C3788C00F6468B /* Sources */ = {
			isa = PBXSourcesBuildPhase;
			buildActionMask = 2147483647;
			files = (
				F2DC17C028C4DEFA008720E4 /* ViewModel.swift in Sources */,
				F2DC17C428C4E0F8008720E4 /* CharacteristicProtocol.swift in Sources */,
				F2E7FFAA28C3788C00F6468B /* ViewController.swift in Sources */,
				F2DC17C228C4E0BB008720E4 /* CBUUIDEnums.swift in Sources */,
				F2DC17CA28C4E645008720E4 /* ReadConverters.swift in Sources */,
				6C090BCB28C5DA1600913486 /* ReadLiveData.swift in Sources */,
				F2DC17BE28C4DA3F008720E4 /* BluetoothConnect.swift in Sources */,
				F2DC17C628C4E238008720E4 /* SettingsClass.swift in Sources */,
				F2DC17CC28C4EC43008720E4 /* WriteData.swift in Sources */,
				F2DC17C828C4E5B4008720E4 /* ReadData.swift in Sources */,
				F2DC17BC28C4D977008720E4 /* BluetoothManager.swift in Sources */,
				F2DC17CE28C4EC8B008720E4 /* WriteConverters.swift in Sources */,
				F2E7FFA628C3788C00F6468B /* AppDelegate.swift in Sources */,
			);
			runOnlyForDeploymentPostprocessing = 0;
		};
/* End PBXSourcesBuildPhase section */

/* Begin PBXVariantGroup section */
		F2E7FFAB28C3788C00F6468B /* Main.storyboard */ = {
			isa = PBXVariantGroup;
			children = (
				F2E7FFAC28C3788C00F6468B /* Base */,
			);
			name = Main.storyboard;
			sourceTree = "<group>";
		};
		F2E7FFB028C3789200F6468B /* LaunchScreen.storyboard */ = {
			isa = PBXVariantGroup;
			children = (
				F2E7FFB128C3789200F6468B /* Base */,
			);
			name = LaunchScreen.storyboard;
			sourceTree = "<group>";
		};
/* End PBXVariantGroup section */

/* Begin XCBuildConfiguration section */
		F2E7FFB428C3789200F6468B /* Debug */ = {
			isa = XCBuildConfiguration;
			buildSettings = {
				ALWAYS_SEARCH_USER_PATHS = NO;
				CLANG_ANALYZER_NONNULL = YES;
				CLANG_ANALYZER_NUMBER_OBJECT_CONVERSION = YES_AGGRESSIVE;
				CLANG_CXX_LANGUAGE_STANDARD = "gnu++17";
				CLANG_ENABLE_MODULES = YES;
				CLANG_ENABLE_OBJC_ARC = YES;
				CLANG_ENABLE_OBJC_WEAK = YES;
				CLANG_WARN_BLOCK_CAPTURE_AUTORELEASING = YES;
				CLANG_WARN_BOOL_CONVERSION = YES;
				CLANG_WARN_COMMA = YES;
				CLANG_WARN_CONSTANT_CONVERSION = YES;
				CLANG_WARN_DEPRECATED_OBJC_IMPLEMENTATIONS = YES;
				CLANG_WARN_DIRECT_OBJC_ISA_USAGE = YES_ERROR;
				CLANG_WARN_DOCUMENTATION_COMMENTS = YES;
				CLANG_WARN_EMPTY_BODY = YES;
				CLANG_WARN_ENUM_CONVERSION = YES;
				CLANG_WARN_INFINITE_RECURSION = YES;
				CLANG_WARN_INT_CONVERSION = YES;
				CLANG_WARN_NON_LITERAL_NULL_CONVERSION = YES;
				CLANG_WARN_OBJC_IMPLICIT_RETAIN_SELF = YES;
				CLANG_WARN_OBJC_LITERAL_CONVERSION = YES;
				CLANG_WARN_OBJC_ROOT_CLASS = YES_ERROR;
				CLANG_WARN_QUOTED_INCLUDE_IN_FRAMEWORK_HEADER = YES;
				CLANG_WARN_RANGE_LOOP_ANALYSIS = YES;
				CLANG_WARN_STRICT_PROTOTYPES = YES;
				CLANG_WARN_SUSPICIOUS_MOVE = YES;
				CLANG_WARN_UNGUARDED_AVAILABILITY = YES_AGGRESSIVE;
				CLANG_WARN_UNREACHABLE_CODE = YES;
				CLANG_WARN__DUPLICATE_METHOD_MATCH = YES;
				COPY_PHASE_STRIP = NO;
				DEBUG_INFORMATION_FORMAT = dwarf;
				ENABLE_STRICT_OBJC_MSGSEND = YES;
				ENABLE_TESTABILITY = YES;
				GCC_C_LANGUAGE_STANDARD = gnu11;
				GCC_DYNAMIC_NO_PIC = NO;
				GCC_NO_COMMON_BLOCKS = YES;
				GCC_OPTIMIZATION_LEVEL = 0;
				GCC_PREPROCESSOR_DEFINITIONS = (
					"DEBUG=1",
					"$(inherited)",
				);
				GCC_WARN_64_TO_32_BIT_CONVERSION = YES;
				GCC_WARN_ABOUT_RETURN_TYPE = YES_ERROR;
				GCC_WARN_UNDECLARED_SELECTOR = YES;
				GCC_WARN_UNINITIALIZED_AUTOS = YES_AGGRESSIVE;
				GCC_WARN_UNUSED_FUNCTION = YES;
				GCC_WARN_UNUSED_VARIABLE = YES;
				IPHONEOS_DEPLOYMENT_TARGET = 15.5;
				MTL_ENABLE_DEBUG_INFO = INCLUDE_SOURCE;
				MTL_FAST_MATH = YES;
				ONLY_ACTIVE_ARCH = YES;
				SDKROOT = iphoneos;
				SWIFT_ACTIVE_COMPILATION_CONDITIONS = DEBUG;
				SWIFT_OPTIMIZATION_LEVEL = "-Onone";
			};
			name = Debug;
		};
		F2E7FFB528C3789200F6468B /* Release */ = {
			isa = XCBuildConfiguration;
			buildSettings = {
				ALWAYS_SEARCH_USER_PATHS = NO;
				CLANG_ANALYZER_NONNULL = YES;
				CLANG_ANALYZER_NUMBER_OBJECT_CONVERSION = YES_AGGRESSIVE;
				CLANG_CXX_LANGUAGE_STANDARD = "gnu++17";
				CLANG_ENABLE_MODULES = YES;
				CLANG_ENABLE_OBJC_ARC = YES;
				CLANG_ENABLE_OBJC_WEAK = YES;
				CLANG_WARN_BLOCK_CAPTURE_AUTORELEASING = YES;
				CLANG_WARN_BOOL_CONVERSION = YES;
				CLANG_WARN_COMMA = YES;
				CLANG_WARN_CONSTANT_CONVERSION = YES;
				CLANG_WARN_DEPRECATED_OBJC_IMPLEMENTATIONS = YES;
				CLANG_WARN_DIRECT_OBJC_ISA_USAGE = YES_ERROR;
				CLANG_WARN_DOCUMENTATION_COMMENTS = YES;
				CLANG_WARN_EMPTY_BODY = YES;
				CLANG_WARN_ENUM_CONVERSION = YES;
				CLANG_WARN_INFINITE_RECURSION = YES;
				CLANG_WARN_INT_CONVERSION = YES;
				CLANG_WARN_NON_LITERAL_NULL_CONVERSION = YES;
				CLANG_WARN_OBJC_IMPLICIT_RETAIN_SELF = YES;
				CLANG_WARN_OBJC_LITERAL_CONVERSION = YES;
				CLANG_WARN_OBJC_ROOT_CLASS = YES_ERROR;
				CLANG_WARN_QUOTED_INCLUDE_IN_FRAMEWORK_HEADER = YES;
				CLANG_WARN_RANGE_LOOP_ANALYSIS = YES;
				CLANG_WARN_STRICT_PROTOTYPES = YES;
				CLANG_WARN_SUSPICIOUS_MOVE = YES;
				CLANG_WARN_UNGUARDED_AVAILABILITY = YES_AGGRESSIVE;
				CLANG_WARN_UNREACHABLE_CODE = YES;
				CLANG_WARN__DUPLICATE_METHOD_MATCH = YES;
				COPY_PHASE_STRIP = NO;
				DEBUG_INFORMATION_FORMAT = "dwarf-with-dsym";
				ENABLE_NS_ASSERTIONS = NO;
				ENABLE_STRICT_OBJC_MSGSEND = YES;
				GCC_C_LANGUAGE_STANDARD = gnu11;
				GCC_NO_COMMON_BLOCKS = YES;
				GCC_WARN_64_TO_32_BIT_CONVERSION = YES;
				GCC_WARN_ABOUT_RETURN_TYPE = YES_ERROR;
				GCC_WARN_UNDECLARED_SELECTOR = YES;
				GCC_WARN_UNINITIALIZED_AUTOS = YES_AGGRESSIVE;
				GCC_WARN_UNUSED_FUNCTION = YES;
				GCC_WARN_UNUSED_VARIABLE = YES;
				IPHONEOS_DEPLOYMENT_TARGET = 15.5;
				MTL_ENABLE_DEBUG_INFO = NO;
				MTL_FAST_MATH = YES;
				SDKROOT = iphoneos;
				SWIFT_COMPILATION_MODE = wholemodule;
				SWIFT_OPTIMIZATION_LEVEL = "-O";
				VALIDATE_PRODUCT = YES;
			};
			name = Release;
		};
		F2E7FFB728C3789200F6468B /* Debug */ = {
			isa = XCBuildConfiguration;
			buildSettings = {
				ASSETCATALOG_COMPILER_APPICON_NAME = AppIcon;
				ASSETCATALOG_COMPILER_GLOBAL_ACCENT_COLOR_NAME = AccentColor;
				CODE_SIGN_STYLE = Automatic;
				CURRENT_PROJECT_VERSION = 1;
				DEVELOPMENT_TEAM = F5UR5Q4TK2;
				GENERATE_INFOPLIST_FILE = YES;
				INFOPLIST_FILE = eKologger/Info.plist;
				INFOPLIST_KEY_NSBluetoothAlwaysUsageDescription = "The app needs bluetooth to find nearby devices";
				INFOPLIST_KEY_NSBluetoothPeripheralUsageDescription = "The app needs bluetooth to find nearby devices";
				INFOPLIST_KEY_UIApplicationSupportsIndirectInputEvents = YES;
				INFOPLIST_KEY_UILaunchStoryboardName = LaunchScreen;
				INFOPLIST_KEY_UIMainStoryboardFile = Main;
				INFOPLIST_KEY_UISupportedInterfaceOrientations = UIInterfaceOrientationPortrait;
				INFOPLIST_KEY_UISupportedInterfaceOrientations_iPad = "UIInterfaceOrientationLandscapeLeft UIInterfaceOrientationLandscapeRight UIInterfaceOrientationPortrait UIInterfaceOrientationPortraitUpsideDown";
				IPHONEOS_DEPLOYMENT_TARGET = 12.4;
				LD_RUNPATH_SEARCH_PATHS = (
					"$(inherited)",
					"@executable_path/Frameworks",
				);
				MARKETING_VERSION = 1.0;
				PRODUCT_BUNDLE_IDENTIFIER = ru.kvarta.eKologger;
				PRODUCT_NAME = "$(TARGET_NAME)";
				SUPPORTED_PLATFORMS = "iphoneos iphonesimulator";
				SUPPORTS_MACCATALYST = NO;
				SUPPORTS_MAC_DESIGNED_FOR_IPHONE_IPAD = NO;
				SWIFT_EMIT_LOC_STRINGS = YES;
				SWIFT_VERSION = 5.0;
				TARGETED_DEVICE_FAMILY = 1;
			};
			name = Debug;
		};
		F2E7FFB828C3789200F6468B /* Release */ = {
			isa = XCBuildConfiguration;
			buildSettings = {
				ASSETCATALOG_COMPILER_APPICON_NAME = AppIcon;
				ASSETCATALOG_COMPILER_GLOBAL_ACCENT_COLOR_NAME = AccentColor;
				CODE_SIGN_STYLE = Automatic;
				CURRENT_PROJECT_VERSION = 1;
				DEVELOPMENT_TEAM = F5UR5Q4TK2;
				GENERATE_INFOPLIST_FILE = YES;
				INFOPLIST_FILE = eKologger/Info.plist;
				INFOPLIST_KEY_NSBluetoothAlwaysUsageDescription = "The app needs bluetooth to find nearby devices";
				INFOPLIST_KEY_NSBluetoothPeripheralUsageDescription = "The app needs bluetooth to find nearby devices";
				INFOPLIST_KEY_UIApplicationSupportsIndirectInputEvents = YES;
				INFOPLIST_KEY_UILaunchStoryboardName = LaunchScreen;
				INFOPLIST_KEY_UIMainStoryboardFile = Main;
				INFOPLIST_KEY_UISupportedInterfaceOrientations = UIInterfaceOrientationPortrait;
				INFOPLIST_KEY_UISupportedInterfaceOrientations_iPad = "UIInterfaceOrientationLandscapeLeft UIInterfaceOrientationLandscapeRight UIInterfaceOrientationPortrait UIInterfaceOrientationPortraitUpsideDown";
				IPHONEOS_DEPLOYMENT_TARGET = 12.4;
				LD_RUNPATH_SEARCH_PATHS = (
					"$(inherited)",
					"@executable_path/Frameworks",
				);
				MARKETING_VERSION = 1.0;
				PRODUCT_BUNDLE_IDENTIFIER = ru.kvarta.eKologger;
				PRODUCT_NAME = "$(TARGET_NAME)";
				SUPPORTED_PLATFORMS = "iphoneos iphonesimulator";
				SUPPORTS_MACCATALYST = NO;
				SUPPORTS_MAC_DESIGNED_FOR_IPHONE_IPAD = NO;
				SWIFT_EMIT_LOC_STRINGS = YES;
				SWIFT_VERSION = 5.0;
				TARGETED_DEVICE_FAMILY = 1;
			};
			name = Release;
		};
/* End XCBuildConfiguration section */

/* Begin XCConfigurationList section */
		F2E7FF9D28C3788C00F6468B /* Build configuration list for PBXProject "eKologger" */ = {
			isa = XCConfigurationList;
			buildConfigurations = (
				F2E7FFB428C3789200F6468B /* Debug */,
				F2E7FFB528C3789200F6468B /* Release */,
			);
			defaultConfigurationIsVisible = 0;
			defaultConfigurationName = Release;
		};
		F2E7FFB628C3789200F6468B /* Build configuration list for PBXNativeTarget "eKologger" */ = {
			isa = XCConfigurationList;
			buildConfigurations = (
				F2E7FFB728C3789200F6468B /* Debug */,
				F2E7FFB828C3789200F6468B /* Release */,
			);
			defaultConfigurationIsVisible = 0;
			defaultConfigurationName = Release;
		};
/* End XCConfigurationList section */
	};
	rootObject = F2E7FF9A28C3788C00F6468B /* Project object */;
}
